
Microsoft Visual Studio Solution File, Format Version 12.00
# Visual Studio Version 17
VisualStudioVersion = 17.14.36310.24 d17.14
MinimumVisualStudioVersion = 10.0.40219.1
Project("{FAE04EC0-301F-11D3-BF4B-00C04F79EFBC}") = "ResillentConstruction", "ResillentConstruction.csproj", "{6900E646-C972-49B6-A99B-788A50EC8482}"
EndProject
Global
	GlobalSection(SolutionConfigurationPlatforms) = preSolution
		Debug|Any CPU = Debug|Any CPU
		Release|Any CPU = Release|Any CPU
	EndGlobalSection
	GlobalSection(ProjectConfigurationPlatforms) = postSolution
		{6900E646-C972-49B6-A99B-788A50EC8482}.Debug|Any CPU.ActiveCfg = Debug|Any CPU
		{6900E646-C972-49B6-A99B-788A50EC8482}.Debug|Any CPU.Build.0 = Debug|Any CPU
		{6900E646-C972-49B6-A99B-788A50EC8482}.Release|Any CPU.ActiveCfg = Release|Any CPU
		{6900E646-C972-49B6-A99B-788A50EC8482}.Release|Any CPU.Build.0 = Release|Any CPU
	EndGlobalSection
	GlobalSection(SolutionProperties) = preSolution
		HideSolutionNode = FALSE
	EndGlobalSection
	GlobalSection(ExtensibilityGlobals) = postSolution
		SolutionGuid = {609B2B41-3C52-4A32-B1F9-F833F8037013}
	EndGlobalSection
EndGlobal
